
Microsoft Visual Studio Solution File, Format Version 12.00
# Visual Studio 14
VisualStudioVersion = 14.0.25420.1
MinimumVisualStudioVersion = 10.0.40219.1
Project("{2150E333-8FDC-42A3-9474-1A3956D46DE8}") = "Sample", "Sample", "{BA78697B-AF0D-45FA-8A0E-A16250B06597}"
EndProject
Project("{2150E333-8FDC-42A3-9474-1A3956D46DE8}") = "RabbitMQ", "RabbitMQ", "{841AD07F-BB04-47F3-80B5-002B5768853D}"
EndProject
Project("{FAE04EC0-301F-11D3-BF4B-00C04F79EFBC}") = "DotNetOpen.MessageQueue.RabbitMQ.MessageSender", "RabbitMQ\DotNetOpen.MessageQueue.RabbitMQ.MessageSender\DotNetOpen.MessageQueue.RabbitMQ.MessageSender.csproj", "{645A231C-4332-4625-AE17-8DA08B0F82E2}"
EndProject
Project("{FAE04EC0-301F-11D3-BF4B-00C04F79EFBC}") = "DotNetOpen.MessageQueue.RabbitMQ.MessageConsumer", "RabbitMQ\DotNetOpen.MessageQueue.RabbitMQ.MessageConsumer\DotNetOpen.MessageQueue.RabbitMQ.MessageConsumer.csproj", "{3D435CC4-C9C9-481B-ADB0-63DE794122D3}"
EndProject
Global
	GlobalSection(SolutionConfigurationPlatforms) = preSolution
		Debug|Any CPU = Debug|Any CPU
		Release|Any CPU = Release|Any CPU
	EndGlobalSection
	GlobalSection(ProjectConfigurationPlatforms) = postSolution
		{645A231C-4332-4625-AE17-8DA08B0F82E2}.Debug|Any CPU.ActiveCfg = Debug|Any CPU
		{645A231C-4332-4625-AE17-8DA08B0F82E2}.Debug|Any CPU.Build.0 = Debug|Any CPU
		{645A231C-4332-4625-AE17-8DA08B0F82E2}.Release|Any CPU.ActiveCfg = Release|Any CPU
		{645A231C-4332-4625-AE17-8DA08B0F82E2}.Release|Any CPU.Build.0 = Release|Any CPU
		{3D435CC4-C9C9-481B-ADB0-63DE794122D3}.Debug|Any CPU.ActiveCfg = Debug|Any CPU
		{3D435CC4-C9C9-481B-ADB0-63DE794122D3}.Debug|Any CPU.Build.0 = Debug|Any CPU
		{3D435CC4-C9C9-481B-ADB0-63DE794122D3}.Release|Any CPU.ActiveCfg = Release|Any CPU
		{3D435CC4-C9C9-481B-ADB0-63DE794122D3}.Release|Any CPU.Build.0 = Release|Any CPU
	EndGlobalSection
	GlobalSection(SolutionProperties) = preSolution
		HideSolutionNode = FALSE
	EndGlobalSection
	GlobalSection(NestedProjects) = preSolution
		{BA78697B-AF0D-45FA-8A0E-A16250B06597} = {841AD07F-BB04-47F3-80B5-002B5768853D}
		{645A231C-4332-4625-AE17-8DA08B0F82E2} = {BA78697B-AF0D-45FA-8A0E-A16250B06597}
		{3D435CC4-C9C9-481B-ADB0-63DE794122D3} = {BA78697B-AF0D-45FA-8A0E-A16250B06597}
	EndGlobalSection
	GlobalSection(TeamFoundationVersionControl) = preSolution
		SccNumberOfProjects = 3
		SccEnterpriseProvider = {4CA58AB2-18FA-4F8D-95D4-32DDF27D184C}
		SccTeamFoundationServer = https://dingyuliang.visualstudio.com/defaultcollection
		SccLocalPath0 = .
		SccProjectUniqueName1 = RabbitMQ\\DotNetOpen.MessageQueue.RabbitMQ.MessageSender\\DotNetOpen.MessageQueue.RabbitMQ.MessageSender.csproj
		SccProjectTopLevelParentUniqueName1 = DotNetOpen.MessageQueue.sln
		SccProjectName1 = RabbitMQ/DotNetOpen.MessageQueue.RabbitMQ.MessageSender
		SccLocalPath1 = RabbitMQ\\DotNetOpen.MessageQueue.RabbitMQ.MessageSender
		SccProjectUniqueName2 = RabbitMQ\\DotNetOpen.MessageQueue.RabbitMQ.MessageConsumer\\DotNetOpen.MessageQueue.RabbitMQ.MessageConsumer.csproj
		SccProjectTopLevelParentUniqueName2 = DotNetOpen.MessageQueue.sln
		SccProjectName2 = RabbitMQ/DotNetOpen.MessageQueue.RabbitMQ.MessageConsumer
		SccLocalPath2 = RabbitMQ\\DotNetOpen.MessageQueue.RabbitMQ.MessageConsumer
	EndGlobalSection
EndGlobal
